// !$*UTF8*$!
{
	archiveVersion = 1;
	classes = {
	};
	objectVersion = 56;
	objects = {

/* Begin PBXBuildFile section */
		790B3D6C2B46D35C00306208 /* To-Do_addview.swift in Sources */ = {isa = PBXBuildFile; fileRef = 790B3D6B2B46D35C00306208 /* To-Do_addview.swift */; };
		792BD5E32B457217008FC2E3 /* sidequest_1_0App.swift in Sources */ = {isa = PBXBuildFile; fileRef = 792BD5E22B457217008FC2E3 /* sidequest_1_0App.swift */; };
		792BD5E52B457217008FC2E3 /* ContentView.swift in Sources */ = {isa = PBXBuildFile; fileRef = 792BD5E42B457217008FC2E3 /* ContentView.swift */; };
		792BD5E72B457218008FC2E3 /* Assets.xcassets in Resources */ = {isa = PBXBuildFile; fileRef = 792BD5E62B457218008FC2E3 /* Assets.xcassets */; };
		792BD5EA2B457218008FC2E3 /* Preview Assets.xcassets in Resources */ = {isa = PBXBuildFile; fileRef = 792BD5E92B457218008FC2E3 /* Preview Assets.xcassets */; };
		7988B21E2B46C3E8009978F9 /* To-Do_view.swift in Sources */ = {isa = PBXBuildFile; fileRef = 7988B21D2B46C3E8009978F9 /* To-Do_view.swift */; };
		79F28ADC2B4AE2340017E98B /* Shopping_view.swift in Sources */ = {isa = PBXBuildFile; fileRef = 79F28ADB2B4AE2340017E98B /* Shopping_view.swift */; };
		79F28ADE2B4AE24F0017E98B /* Shopping_addview.swift in Sources */ = {isa = PBXBuildFile; fileRef = 79F28ADD2B4AE24F0017E98B /* Shopping_addview.swift */; };
		79F28AE02B4AEBCC0017E98B /* Uni_view.swift in Sources */ = {isa = PBXBuildFile; fileRef = 79F28ADF2B4AEBCC0017E98B /* Uni_view.swift */; };
		79F28AE22B4AEBE70017E98B /* Uni_addview.swift in Sources */ = {isa = PBXBuildFile; fileRef = 79F28AE12B4AEBE70017E98B /* Uni_addview.swift */; };
		79F28AE62B4AF4BF0017E98B /* Grateful_view.swift in Sources */ = {isa = PBXBuildFile; fileRef = 79F28AE52B4AF4BF0017E98B /* Grateful_view.swift */; };
		79F28AE82B4AF4DB0017E98B /* Priority_view.swift in Sources */ = {isa = PBXBuildFile; fileRef = 79F28AE72B4AF4DB0017E98B /* Priority_view.swift */; };
		79F5573A2B56E2DA008FFF04 /* To-Do_editview.swift in Sources */ = {isa = PBXBuildFile; fileRef = 79F557392B56E2DA008FFF04 /* To-Do_editview.swift */; };
/* End PBXBuildFile section */

/* Begin PBXFileReference section */
		790B3D6B2B46D35C00306208 /* To-Do_addview.swift */ = {isa = PBXFileReference; lastKnownFileType = sourcecode.swift; path = "To-Do_addview.swift"; sourceTree = "<group>"; };
		792BD5DF2B457217008FC2E3 /* sidequest_1.0.app */ = {isa = PBXFileReference; explicitFileType = wrapper.application; includeInIndex = 0; path = sidequest_1.0.app; sourceTree = BUILT_PRODUCTS_DIR; };
		792BD5E22B457217008FC2E3 /* sidequest_1_0App.swift */ = {isa = PBXFileReference; lastKnownFileType = sourcecode.swift; path = sidequest_1_0App.swift; sourceTree = "<group>"; };
		792BD5E42B457217008FC2E3 /* ContentView.swift */ = {isa = PBXFileReference; lastKnownFileType = sourcecode.swift; path = ContentView.swift; sourceTree = "<group>"; };
		792BD5E62B457218008FC2E3 /* Assets.xcassets */ = {isa = PBXFileReference; lastKnownFileType = folder.assetcatalog; path = Assets.xcassets; sourceTree = "<group>"; };
		792BD5E92B457218008FC2E3 /* Preview Assets.xcassets */ = {isa = PBXFileReference; lastKnownFileType = folder.assetcatalog; path = "Preview Assets.xcassets"; sourceTree = "<group>"; };
		7988B21D2B46C3E8009978F9 /* To-Do_view.swift */ = {isa = PBXFileReference; lastKnownFileType = sourcecode.swift; path = "To-Do_view.swift"; sourceTree = "<group>"; };
		79F28ADB2B4AE2340017E98B /* Shopping_view.swift */ = {isa = PBXFileReference; lastKnownFileType = sourcecode.swift; path = Shopping_view.swift; sourceTree = "<group>"; };
		79F28ADD2B4AE24F0017E98B /* Shopping_addview.swift */ = {isa = PBXFileReference; lastKnownFileType = sourcecode.swift; path = Shopping_addview.swift; sourceTree = "<group>"; };
		79F28ADF2B4AEBCC0017E98B /* Uni_view.swift */ = {isa = PBXFileReference; lastKnownFileType = sourcecode.swift; path = Uni_view.swift; sourceTree = "<group>"; };
		79F28AE12B4AEBE70017E98B /* Uni_addview.swift */ = {isa = PBXFileReference; lastKnownFileType = sourcecode.swift; path = Uni_addview.swift; sourceTree = "<group>"; };
		79F28AE52B4AF4BF0017E98B /* Grateful_view.swift */ = {isa = PBXFileReference; lastKnownFileType = sourcecode.swift; path = Grateful_view.swift; sourceTree = "<group>"; };
		79F28AE72B4AF4DB0017E98B /* Priority_view.swift */ = {isa = PBXFileReference; lastKnownFileType = sourcecode.swift; path = Priority_view.swift; sourceTree = "<group>"; };
		79F557392B56E2DA008FFF04 /* To-Do_editview.swift */ = {isa = PBXFileReference; lastKnownFileType = sourcecode.swift; path = "To-Do_editview.swift"; sourceTree = "<group>"; };
/* End PBXFileReference section */

/* Begin PBXFrameworksBuildPhase section */
		792BD5DC2B457217008FC2E3 /* Frameworks */ = {
			isa = PBXFrameworksBuildPhase;
			buildActionMask = 2147483647;
			files = (
			);
			runOnlyForDeploymentPostprocessing = 0;
		};
/* End PBXFrameworksBuildPhase section */

/* Begin PBXGroup section */
		792BD5D62B457217008FC2E3 = {
			isa = PBXGroup;
			children = (
				792BD5E12B457217008FC2E3 /* sidequest_1.0 */,
				792BD5E02B457217008FC2E3 /* Products */,
			);
			sourceTree = "<group>";
		};
		792BD5E02B457217008FC2E3 /* Products */ = {
			isa = PBXGroup;
			children = (
				792BD5DF2B457217008FC2E3 /* sidequest_1.0.app */,
			);
			name = Products;
			sourceTree = "<group>";
		};
		792BD5E12B457217008FC2E3 /* sidequest_1.0 */ = {
			isa = PBXGroup;
			children = (
				792BD5E22B457217008FC2E3 /* sidequest_1_0App.swift */,
				792BD5E42B457217008FC2E3 /* ContentView.swift */,
				7988B21D2B46C3E8009978F9 /* To-Do_view.swift */,
				790B3D6B2B46D35C00306208 /* To-Do_addview.swift */,
				79F557392B56E2DA008FFF04 /* To-Do_editview.swift */,
				79F28ADB2B4AE2340017E98B /* Shopping_view.swift */,
				79F28ADD2B4AE24F0017E98B /* Shopping_addview.swift */,
				79F28ADF2B4AEBCC0017E98B /* Uni_view.swift */,
				79F28AE12B4AEBE70017E98B /* Uni_addview.swift */,
				79F28AE52B4AF4BF0017E98B /* Grateful_view.swift */,
				79F28AE72B4AF4DB0017E98B /* Priority_view.swift */,
				792BD5E62B457218008FC2E3 /* Assets.xcassets */,
				792BD5E82B457218008FC2E3 /* Preview Content */,
			);
			path = sidequest_1.0;
			sourceTree = "<group>";
		};
		792BD5E82B457218008FC2E3 /* Preview Content */ = {
			isa = PBXGroup;
			children = (
				792BD5E92B457218008FC2E3 /* Preview Assets.xcassets */,
			);
			path = "Preview Content";
			sourceTree = "<group>";
		};
/* End PBXGroup section */

/* Begin PBXNativeTarget section */
		792BD5DE2B457217008FC2E3 /* sidequest_1.0 */ = {
			isa = PBXNativeTarget;
			buildConfigurationList = 792BD5ED2B457218008FC2E3 /* Build configuration list for PBXNativeTarget "sidequest_1.0" */;
			buildPhases = (
				792BD5DB2B457217008FC2E3 /* Sources */,
				792BD5DC2B457217008FC2E3 /* Frameworks */,
				792BD5DD2B457217008FC2E3 /* Resources */,
			);
			buildRules = (
			);
			dependencies = (
			);
			name = sidequest_1.0;
			productName = sidequest_1.0;
			productReference = 792BD5DF2B457217008FC2E3 /* sidequest_1.0.app */;
			productType = "com.apple.product-type.application";
		};
/* End PBXNativeTarget section */

/* Begin PBXProject section */
		792BD5D72B457217008FC2E3 /* Project object */ = {
			isa = PBXProject;
			attributes = {
				BuildIndependentTargetsInParallel = 1;
				LastSwiftUpdateCheck = 1510;
				LastUpgradeCheck = 1510;
				TargetAttributes = {
					792BD5DE2B457217008FC2E3 = {
						CreatedOnToolsVersion = 15.1;
					};
				};
			};
			buildConfigurationList = 792BD5DA2B457217008FC2E3 /* Build configuration list for PBXProject "sidequest_1.0" */;
			compatibilityVersion = "Xcode 14.0";
			developmentRegion = en;
			hasScannedForEncodings = 0;
			knownRegions = (
				en,
				Base,
			);
			mainGroup = 792BD5D62B457217008FC2E3;
			productRefGroup = 792BD5E02B457217008FC2E3 /* Products */;
			projectDirPath = "";
			projectRoot = "";
			targets = (
				792BD5DE2B457217008FC2E3 /* sidequest_1.0 */,
			);
		};
/* End PBXProject section */

/* Begin PBXResourcesBuildPhase section */
		792BD5DD2B457217008FC2E3 /* Resources */ = {
			isa = PBXResourcesBuildPhase;
			buildActionMask = 2147483647;
			files = (
				792BD5EA2B457218008FC2E3 /* Preview Assets.xcassets in Resources */,
				792BD5E72B457218008FC2E3 /* Assets.xcassets in Resources */,
			);
			runOnlyForDeploymentPostprocessing = 0;
		};
/* End PBXResourcesBuildPhase section */

/* Begin PBXSourcesBuildPhase section */
		792BD5DB2B457217008FC2E3 /* Sources */ = {
			isa = PBXSourcesBuildPhase;
			buildActionMask = 2147483647;
			files = (
				79F28ADE2B4AE24F0017E98B /* Shopping_addview.swift in Sources */,
				79F28AE02B4AEBCC0017E98B /* Uni_view.swift in Sources */,
				79F28AE82B4AF4DB0017E98B /* Priority_view.swift in Sources */,
				79F28ADC2B4AE2340017E98B /* Shopping_view.swift in Sources */,
				79F28AE22B4AEBE70017E98B /* Uni_addview.swift in Sources */,
				790B3D6C2B46D35C00306208 /* To-Do_addview.swift in Sources */,
				7988B21E2B46C3E8009978F9 /* To-Do_view.swift in Sources */,
				79F28AE62B4AF4BF0017E98B /* Grateful_view.swift in Sources */,
				79F5573A2B56E2DA008FFF04 /* To-Do_editview.swift in Sources */,
				792BD5E52B457217008FC2E3 /* ContentView.swift in Sources */,
				792BD5E32B457217008FC2E3 /* sidequest_1_0App.swift in Sources */,
			);
			runOnlyForDeploymentPostprocessing = 0;
		};
/* End PBXSourcesBuildPhase section */

/* Begin XCBuildConfiguration section */
		792BD5EB2B457218008FC2E3 /* Debug */ = {
			isa = XCBuildConfiguration;
			buildSettings = {
				ALWAYS_SEARCH_USER_PATHS = NO;
				ASSETCATALOG_COMPILER_GENERATE_SWIFT_ASSET_SYMBOL_EXTENSIONS = YES;
				CLANG_ANALYZER_NONNULL = YES;
				CLANG_ANALYZER_NUMBER_OBJECT_CONVERSION = YES_AGGRESSIVE;
				CLANG_CXX_LANGUAGE_STANDARD = "gnu++20";
				CLANG_ENABLE_MODULES = YES;
				CLANG_ENABLE_OBJC_ARC = YES;
				CLANG_ENABLE_OBJC_WEAK = YES;
				CLANG_WARN_BLOCK_CAPTURE_AUTORELEASING = YES;
				CLANG_WARN_BOOL_CONVERSION = YES;
				CLANG_WARN_COMMA = YES;
				CLANG_WARN_CONSTANT_CONVERSION = YES;
				CLANG_WARN_DEPRECATED_OBJC_IMPLEMENTATIONS = YES;
				CLANG_WARN_DIRECT_OBJC_ISA_USAGE = YES_ERROR;
				CLANG_WARN_DOCUMENTATION_COMMENTS = YES;
				CLANG_WARN_EMPTY_BODY = YES;
				CLANG_WARN_ENUM_CONVERSION = YES;
				CLANG_WARN_INFINITE_RECURSION = YES;
				CLANG_WARN_INT_CONVERSION = YES;
				CLANG_WARN_NON_LITERAL_NULL_CONVERSION = YES;
				CLANG_WARN_OBJC_IMPLICIT_RETAIN_SELF = YES;
				CLANG_WARN_OBJC_LITERAL_CONVERSION = YES;
				CLANG_WARN_OBJC_ROOT_CLASS = YES_ERROR;
				CLANG_WARN_QUOTED_INCLUDE_IN_FRAMEWORK_HEADER = YES;
				CLANG_WARN_RANGE_LOOP_ANALYSIS = YES;
				CLANG_WARN_STRICT_PROTOTYPES = YES;
				CLANG_WARN_SUSPICIOUS_MOVE = YES;
				CLANG_WARN_UNGUARDED_AVAILABILITY = YES_AGGRESSIVE;
				CLANG_WARN_UNREACHABLE_CODE = YES;
				CLANG_WARN__DUPLICATE_METHOD_MATCH = YES;
				COPY_PHASE_STRIP = NO;
				DEBUG_INFORMATION_FORMAT = dwarf;
				ENABLE_STRICT_OBJC_MSGSEND = YES;
				ENABLE_TESTABILITY = YES;
				ENABLE_USER_SCRIPT_SANDBOXING = YES;
				GCC_C_LANGUAGE_STANDARD = gnu17;
				GCC_DYNAMIC_NO_PIC = NO;
				GCC_NO_COMMON_BLOCKS = YES;
				GCC_OPTIMIZATION_LEVEL = 0;
				GCC_PREPROCESSOR_DEFINITIONS = (
					"DEBUG=1",
					"$(inherited)",
				);
				GCC_WARN_64_TO_32_BIT_CONVERSION = YES;
				GCC_WARN_ABOUT_RETURN_TYPE = YES_ERROR;
				GCC_WARN_UNDECLARED_SELECTOR = YES;
				GCC_WARN_UNINITIALIZED_AUTOS = YES_AGGRESSIVE;
				GCC_WARN_UNUSED_FUNCTION = YES;
				GCC_WARN_UNUSED_VARIABLE = YES;
				IPHONEOS_DEPLOYMENT_TARGET = 17.2;
				LOCALIZATION_PREFERS_STRING_CATALOGS = YES;
				MTL_ENABLE_DEBUG_INFO = INCLUDE_SOURCE;
				MTL_FAST_MATH = YES;
				ONLY_ACTIVE_ARCH = YES;
				SDKROOT = iphoneos;
				SWIFT_ACTIVE_COMPILATION_CONDITIONS = "DEBUG $(inherited)";
				SWIFT_OPTIMIZATION_LEVEL = "-Onone";
			};
			name = Debug;
		};
		792BD5EC2B457218008FC2E3 /* Release */ = {
			isa = XCBuildConfiguration;
			buildSettings = {
				ALWAYS_SEARCH_USER_PATHS = NO;
				ASSETCATALOG_COMPILER_GENERATE_SWIFT_ASSET_SYMBOL_EXTENSIONS = YES;
				CLANG_ANALYZER_NONNULL = YES;
				CLANG_ANALYZER_NUMBER_OBJECT_CONVERSION = YES_AGGRESSIVE;
				CLANG_CXX_LANGUAGE_STANDARD = "gnu++20";
				CLANG_ENABLE_MODULES = YES;
				CLANG_ENABLE_OBJC_ARC = YES;
				CLANG_ENABLE_OBJC_WEAK = YES;
				CLANG_WARN_BLOCK_CAPTURE_AUTORELEASING = YES;
				CLANG_WARN_BOOL_CONVERSION = YES;
				CLANG_WARN_COMMA = YES;
				CLANG_WARN_CONSTANT_CONVERSION = YES;
				CLANG_WARN_DEPRECATED_OBJC_IMPLEMENTATIONS = YES;
				CLANG_WARN_DIRECT_OBJC_ISA_USAGE = YES_ERROR;
				CLANG_WARN_DOCUMENTATION_COMMENTS = YES;
				CLANG_WARN_EMPTY_BODY = YES;
				CLANG_WARN_ENUM_CONVERSION = YES;
				CLANG_WARN_INFINITE_RECURSION = YES;
				CLANG_WARN_INT_CONVERSION = YES;
				CLANG_WARN_NON_LITERAL_NULL_CONVERSION = YES;
				CLANG_WARN_OBJC_IMPLICIT_RETAIN_SELF = YES;
				CLANG_WARN_OBJC_LITERAL_CONVERSION = YES;
				CLANG_WARN_OBJC_ROOT_CLASS = YES_ERROR;
				CLANG_WARN_QUOTED_INCLUDE_IN_FRAMEWORK_HEADER = YES;
				CLANG_WARN_RANGE_LOOP_ANALYSIS = YES;
				CLANG_WARN_STRICT_PROTOTYPES = YES;
				CLANG_WARN_SUSPICIOUS_MOVE = YES;
				CLANG_WARN_UNGUARDED_AVAILABILITY = YES_AGGRESSIVE;
				CLANG_WARN_UNREACHABLE_CODE = YES;
				CLANG_WARN__DUPLICATE_METHOD_MATCH = YES;
				COPY_PHASE_STRIP = NO;
				DEBUG_INFORMATION_FORMAT = "dwarf-with-dsym";
				ENABLE_NS_ASSERTIONS = NO;
				ENABLE_STRICT_OBJC_MSGSEND = YES;
				ENABLE_USER_SCRIPT_SANDBOXING = YES;
				GCC_C_LANGUAGE_STANDARD = gnu17;
				GCC_NO_COMMON_BLOCKS = YES;
				GCC_WARN_64_TO_32_BIT_CONVERSION = YES;
				GCC_WARN_ABOUT_RETURN_TYPE = YES_ERROR;
				GCC_WARN_UNDECLARED_SELECTOR = YES;
				GCC_WARN_UNINITIALIZED_AUTOS = YES_AGGRESSIVE;
				GCC_WARN_UNUSED_FUNCTION = YES;
				GCC_WARN_UNUSED_VARIABLE = YES;
				IPHONEOS_DEPLOYMENT_TARGET = 17.2;
				LOCALIZATION_PREFERS_STRING_CATALOGS = YES;
				MTL_ENABLE_DEBUG_INFO = NO;
				MTL_FAST_MATH = YES;
				SDKROOT = iphoneos;
				SWIFT_COMPILATION_MODE = wholemodule;
				VALIDATE_PRODUCT = YES;
			};
			name = Release;
		};
		792BD5EE2B457218008FC2E3 /* Debug */ = {
			isa = XCBuildConfiguration;
			buildSettings = {
				ASSETCATALOG_COMPILER_APPICON_NAME = AppIcon;
				ASSETCATALOG_COMPILER_GLOBAL_ACCENT_COLOR_NAME = AccentColor;
				CODE_SIGN_STYLE = Automatic;
				CURRENT_PROJECT_VERSION = 1;
				DEVELOPMENT_ASSET_PATHS = "\"sidequest_1.0/Preview Content\"";
				DEVELOPMENT_TEAM = VT3N49B3G2;
				ENABLE_PREVIEWS = YES;
				GENERATE_INFOPLIST_FILE = YES;
				INFOPLIST_KEY_UIApplicationSceneManifest_Generation = YES;
				INFOPLIST_KEY_UIApplicationSupportsIndirectInputEvents = YES;
				INFOPLIST_KEY_UILaunchScreen_Generation = YES;
				INFOPLIST_KEY_UISupportedInterfaceOrientations_iPad = "UIInterfaceOrientationPortrait UIInterfaceOrientationPortraitUpsideDown UIInterfaceOrientationLandscapeLeft UIInterfaceOrientationLandscapeRight";
				INFOPLIST_KEY_UISupportedInterfaceOrientations_iPhone = "UIInterfaceOrientationPortrait UIInterfaceOrientationLandscapeLeft UIInterfaceOrientationLandscapeRight";
				LD_RUNPATH_SEARCH_PATHS = (
					"$(inherited)",
					"@executable_path/Frameworks",
				);
				MARKETING_VERSION = 1.0;
				PRODUCT_BUNDLE_IDENTIFIER = "com.farty.sidequest-1-0";
				PRODUCT_NAME = "$(TARGET_NAME)";
				SWIFT_EMIT_LOC_STRINGS = YES;
				SWIFT_VERSION = 5.0;
				TARGETED_DEVICE_FAMILY = "1,2";
			};
			name = Debug;
		};
		792BD5EF2B457218008FC2E3 /* Release */ = {
			isa = XCBuildConfiguration;
			buildSettings = {
				ASSETCATALOG_COMPILER_APPICON_NAME = AppIcon;
				ASSETCATALOG_COMPILER_GLOBAL_ACCENT_COLOR_NAME = AccentColor;
				CODE_SIGN_STYLE = Automatic;
				CURRENT_PROJECT_VERSION = 1;
				DEVELOPMENT_ASSET_PATHS = "\"sidequest_1.0/Preview Content\"";
				DEVELOPMENT_TEAM = VT3N49B3G2;
				ENABLE_PREVIEWS = YES;
				GENERATE_INFOPLIST_FILE = YES;
				INFOPLIST_KEY_UIApplicationSceneManifest_Generation = YES;
				INFOPLIST_KEY_UIApplicationSupportsIndirectInputEvents = YES;
				INFOPLIST_KEY_UILaunchScreen_Generation = YES;
				INFOPLIST_KEY_UISupportedInterfaceOrientations_iPad = "UIInterfaceOrientationPortrait UIInterfaceOrientationPortraitUpsideDown UIInterfaceOrientationLandscapeLeft UIInterfaceOrientationLandscapeRight";
				INFOPLIST_KEY_UISupportedInterfaceOrientations_iPhone = "UIInterfaceOrientationPortrait UIInterfaceOrientationLandscapeLeft UIInterfaceOrientationLandscapeRight";
				LD_RUNPATH_SEARCH_PATHS = (
					"$(inherited)",
					"@executable_path/Frameworks",
				);
				MARKETING_VERSION = 1.0;
				PRODUCT_BUNDLE_IDENTIFIER = "com.farty.sidequest-1-0";
				PRODUCT_NAME = "$(TARGET_NAME)";
				SWIFT_EMIT_LOC_STRINGS = YES;
				SWIFT_VERSION = 5.0;
				TARGETED_DEVICE_FAMILY = "1,2";
			};
			name = Release;
		};
/* End XCBuildConfiguration section */

/* Begin XCConfigurationList section */
		792BD5DA2B457217008FC2E3 /* Build configuration list for PBXProject "sidequest_1.0" */ = {
			isa = XCConfigurationList;
			buildConfigurations = (
				792BD5EB2B457218008FC2E3 /* Debug */,
				792BD5EC2B457218008FC2E3 /* Release */,
			);
			defaultConfigurationIsVisible = 0;
			defaultConfigurationName = Release;
		};
		792BD5ED2B457218008FC2E3 /* Build configuration list for PBXNativeTarget "sidequest_1.0" */ = {
			isa = XCConfigurationList;
			buildConfigurations = (
				792BD5EE2B457218008FC2E3 /* Debug */,
				792BD5EF2B457218008FC2E3 /* Release */,
			);
			defaultConfigurationIsVisible = 0;
			defaultConfigurationName = Release;
		};
/* End XCConfigurationList section */
	};
	rootObject = 792BD5D72B457217008FC2E3 /* Project object */;
}
